// !$*UTF8*$!
{
	archiveVersion = 1;
	classes = {
	};
	objectVersion = 51;
	objects = {

/* Begin PBXBuildFile section */
		6689702E33BB08C0BF3FB21E /* Pods_TODOApp_MVVM_C_Demo.framework in Frameworks */ = {isa = PBXBuildFile; fileRef = A03CDD54F6344CBF5A93938E /* Pods_TODOApp_MVVM_C_Demo.framework */; };
		8608525E255B48AA00FDA837 /* AuthViewModel.swift in Sources */ = {isa = PBXBuildFile; fileRef = 8608525D255B48AA00FDA837 /* AuthViewModel.swift */; };
		862BEBDF25742EA100D6C488 /* SingUpView.swift in Sources */ = {isa = PBXBuildFile; fileRef = 862BEBDE25742EA100D6C488 /* SingUpView.swift */; };
		862D9F422576EA870082C101 /* AppStateManager.swift in Sources */ = {isa = PBXBuildFile; fileRef = 862D9F412576EA870082C101 /* AppStateManager.swift */; };
		8632BEF0254DC87A0067D945 /* Notification.Name+MoreNames.swift in Sources */ = {isa = PBXBuildFile; fileRef = 8632BEEF254DC87A0067D945 /* Notification.Name+MoreNames.swift */; };
		8632BEF2254DE2B00067D945 /* ProfileVC.swift in Sources */ = {isa = PBXBuildFile; fileRef = 8632BEF1254DE2B00067D945 /* ProfileVC.swift */; };
		8632BEF4254DE4590067D945 /* ProfilePictureTableViewCell.swift in Sources */ = {isa = PBXBuildFile; fileRef = 8632BEF3254DE4590067D945 /* ProfilePictureTableViewCell.swift */; };
		8639DE6F2559626500306C07 /* HttpBody.swift in Sources */ = {isa = PBXBuildFile; fileRef = 8639DE6E2559626500306C07 /* HttpBody.swift */; };
		863E218C255C2B940033D920 /* AuthAlertVC.swift in Sources */ = {isa = PBXBuildFile; fileRef = 863E218B255C2B940033D920 /* AuthAlertVC.swift */; };
		863E218E255C8AC80033D920 /* ToDoListPresenter.swift in Sources */ = {isa = PBXBuildFile; fileRef = 863E218D255C8AC80033D920 /* ToDoListPresenter.swift */; };
		863F3DA9256A8C2300FD9868 /* SigninView.swift in Sources */ = {isa = PBXBuildFile; fileRef = 863F3DA8256A8C2300FD9868 /* SigninView.swift */; };
		8643E04F25580EA400E79D91 /* APIRouter.swift in Sources */ = {isa = PBXBuildFile; fileRef = 8643E04E25580EA400E79D91 /* APIRouter.swift */; };
		866BC17C2552A49000972F0F /* String+trimming.swift in Sources */ = {isa = PBXBuildFile; fileRef = 866BC17B2552A49000972F0F /* String+trimming.swift */; };
		866BC17E2552A8C800972F0F /* UIViewController+Alert.swift in Sources */ = {isa = PBXBuildFile; fileRef = 866BC17D2552A8C800972F0F /* UIViewController+Alert.swift */; };
		866BC1802552C75B00972F0F /* UIView+Loader.swift in Sources */ = {isa = PBXBuildFile; fileRef = 866BC17F2552C75B00972F0F /* UIView+Loader.swift */; };
		866CEC112555A2DF00C9310B /* UpdateprofileResponse.swift in Sources */ = {isa = PBXBuildFile; fileRef = 866CEC102555A2DF00C9310B /* UpdateprofileResponse.swift */; };
		866CEC152555BA0C00C9310B /* ErrorMeesages.swift in Sources */ = {isa = PBXBuildFile; fileRef = 866CEC142555BA0C00C9310B /* ErrorMeesages.swift */; };
		866CEC172557204B00C9310B /* UIViewController+DismissKeyboard.swift in Sources */ = {isa = PBXBuildFile; fileRef = 866CEC162557204B00C9310B /* UIViewController+DismissKeyboard.swift */; };
		86A2FA5E254B52A5004DB3D9 /* TaskData.swift in Sources */ = {isa = PBXBuildFile; fileRef = 86A2FA5D254B52A5004DB3D9 /* TaskData.swift */; };
		86A2FA60254C0572004DB3D9 /* TasksResponse.swift in Sources */ = {isa = PBXBuildFile; fileRef = 86A2FA5F254C0572004DB3D9 /* TasksResponse.swift */; };
		86A2FA62254C11F9004DB3D9 /* NewTaskVC.swift in Sources */ = {isa = PBXBuildFile; fileRef = 86A2FA61254C11F9004DB3D9 /* NewTaskVC.swift */; };
		86A2FA64254C1CE5004DB3D9 /* NewTaskResponse.swift in Sources */ = {isa = PBXBuildFile; fileRef = 86A2FA63254C1CE5004DB3D9 /* NewTaskResponse.swift */; };
		86A2FA66254C3A9A004DB3D9 /* TaskTableViewCell.swift in Sources */ = {isa = PBXBuildFile; fileRef = 86A2FA65254C3A9A004DB3D9 /* TaskTableViewCell.swift */; };
		86A390B825549A8A0027F530 /* EditProfileVC.swift in Sources */ = {isa = PBXBuildFile; fileRef = 86A390B725549A8A0027F530 /* EditProfileVC.swift */; };
		86CF460C254EDBAE00540CB5 /* ValidatorManager.swift in Sources */ = {isa = PBXBuildFile; fileRef = 86CF460B254EDBAE00540CB5 /* ValidatorManager.swift */; };
		86CF460E25505D6F00540CB5 /* EditTaskVC.swift in Sources */ = {isa = PBXBuildFile; fileRef = 86CF460D25505D6F00540CB5 /* EditTaskVC.swift */; };
		B76E56912548A24A00C13D43 /* AppDelegate.swift in Sources */ = {isa = PBXBuildFile; fileRef = B76E56902548A24A00C13D43 /* AppDelegate.swift */; };
		B76E56952548A24A00C13D43 /* TodoListVC.swift in Sources */ = {isa = PBXBuildFile; fileRef = B76E56942548A24A00C13D43 /* TodoListVC.swift */; };
		B76E56982548A24A00C13D43 /* Authentication.storyboard in Resources */ = {isa = PBXBuildFile; fileRef = B76E56962548A24A00C13D43 /* Authentication.storyboard */; };
		B76E569A2548A24C00C13D43 /* Assets.xcassets in Resources */ = {isa = PBXBuildFile; fileRef = B76E56992548A24C00C13D43 /* Assets.xcassets */; };
		B76E569D2548A24C00C13D43 /* LaunchScreen.storyboard in Resources */ = {isa = PBXBuildFile; fileRef = B76E569B2548A24C00C13D43 /* LaunchScreen.storyboard */; };
		B76E56B52548A63E00C13D43 /* UIViewController+Storyboard.swift in Sources */ = {isa = PBXBuildFile; fileRef = B76E56B42548A63E00C13D43 /* UIViewController+Storyboard.swift */; };
		B76E56B72548A71900C13D43 /* Main.storyboard in Resources */ = {isa = PBXBuildFile; fileRef = B76E56B62548A71900C13D43 /* Main.storyboard */; };
		B76E56B92548A76600C13D43 /* SignInVC.swift in Sources */ = {isa = PBXBuildFile; fileRef = B76E56B82548A76600C13D43 /* SignInVC.swift */; };
		B76E56BC2548A84600C13D43 /* SignUpVC.swift in Sources */ = {isa = PBXBuildFile; fileRef = B76E56BB2548A84600C13D43 /* SignUpVC.swift */; };
		B76E56BF2548AFA000C13D43 /* APIManager.swift in Sources */ = {isa = PBXBuildFile; fileRef = B76E56BE2548AFA000C13D43 /* APIManager.swift */; };
		B76E56C12548B0FD00C13D43 /* LoginResponse.swift in Sources */ = {isa = PBXBuildFile; fileRef = B76E56C02548B0FD00C13D43 /* LoginResponse.swift */; };
		B76E56C32548B2B100C13D43 /* Constants.swift in Sources */ = {isa = PBXBuildFile; fileRef = B76E56C22548B2B100C13D43 /* Constants.swift */; };
		B76E56C52548BACC00C13D43 /* UserData.swift in Sources */ = {isa = PBXBuildFile; fileRef = B76E56C42548BACC00C13D43 /* UserData.swift */; };
		B76E56C72548BEE100C13D43 /* UserDefaultsManager.swift in Sources */ = {isa = PBXBuildFile; fileRef = B76E56C62548BEE100C13D43 /* UserDefaultsManager.swift */; };
/* End PBXBuildFile section */

/* Begin PBXFileReference section */
		20AD3AB462A147F8E7A13F49 /* Pods-TODOApp-MVVM-C-Demo.debug.xcconfig */ = {isa = PBXFileReference; includeInIndex = 1; lastKnownFileType = text.xcconfig; name = "Pods-TODOApp-MVVM-C-Demo.debug.xcconfig"; path = "Target Support Files/Pods-TODOApp-MVVM-C-Demo/Pods-TODOApp-MVVM-C-Demo.debug.xcconfig"; sourceTree = "<group>"; };
		8599B7D21CB0D24F8C5DEA25 /* Pods-TODOApp-MVVM-C-Demo.release.xcconfig */ = {isa = PBXFileReference; includeInIndex = 1; lastKnownFileType = text.xcconfig; name = "Pods-TODOApp-MVVM-C-Demo.release.xcconfig"; path = "Target Support Files/Pods-TODOApp-MVVM-C-Demo/Pods-TODOApp-MVVM-C-Demo.release.xcconfig"; sourceTree = "<group>"; };
		8608525D255B48AA00FDA837 /* AuthViewModel.swift */ = {isa = PBXFileReference; lastKnownFileType = sourcecode.swift; path = AuthViewModel.swift; sourceTree = "<group>"; };
		862BEBDE25742EA100D6C488 /* SingUpView.swift */ = {isa = PBXFileReference; lastKnownFileType = sourcecode.swift; path = SingUpView.swift; sourceTree = "<group>"; };
		862D9F412576EA870082C101 /* AppStateManager.swift */ = {isa = PBXFileReference; lastKnownFileType = sourcecode.swift; path = AppStateManager.swift; sourceTree = "<group>"; };
		8632BEEF254DC87A0067D945 /* Notification.Name+MoreNames.swift */ = {isa = PBXFileReference; lastKnownFileType = sourcecode.swift; path = "Notification.Name+MoreNames.swift"; sourceTree = "<group>"; };
		8632BEF1254DE2B00067D945 /* ProfileVC.swift */ = {isa = PBXFileReference; lastKnownFileType = sourcecode.swift; path = ProfileVC.swift; sourceTree = "<group>"; };
		8632BEF3254DE4590067D945 /* ProfilePictureTableViewCell.swift */ = {isa = PBXFileReference; lastKnownFileType = sourcecode.swift; path = ProfilePictureTableViewCell.swift; sourceTree = "<group>"; };
		8639DE6E2559626500306C07 /* HttpBody.swift */ = {isa = PBXFileReference; lastKnownFileType = sourcecode.swift; path = HttpBody.swift; sourceTree = "<group>"; };
		863E218B255C2B940033D920 /* AuthAlertVC.swift */ = {isa = PBXFileReference; lastKnownFileType = sourcecode.swift; path = AuthAlertVC.swift; sourceTree = "<group>"; };
		863E218D255C8AC80033D920 /* ToDoListPresenter.swift */ = {isa = PBXFileReference; lastKnownFileType = sourcecode.swift; path = ToDoListPresenter.swift; sourceTree = "<group>"; };
		863F3DA8256A8C2300FD9868 /* SigninView.swift */ = {isa = PBXFileReference; lastKnownFileType = sourcecode.swift; path = SigninView.swift; sourceTree = "<group>"; };
		8643E04E25580EA400E79D91 /* APIRouter.swift */ = {isa = PBXFileReference; lastKnownFileType = sourcecode.swift; path = APIRouter.swift; sourceTree = "<group>"; };
		866BC17B2552A49000972F0F /* String+trimming.swift */ = {isa = PBXFileReference; lastKnownFileType = sourcecode.swift; path = "String+trimming.swift"; sourceTree = "<group>"; };
		866BC17D2552A8C800972F0F /* UIViewController+Alert.swift */ = {isa = PBXFileReference; lastKnownFileType = sourcecode.swift; path = "UIViewController+Alert.swift"; sourceTree = "<group>"; };
		866BC17F2552C75B00972F0F /* UIView+Loader.swift */ = {isa = PBXFileReference; lastKnownFileType = sourcecode.swift; path = "UIView+Loader.swift"; sourceTree = "<group>"; };
		866CEC102555A2DF00C9310B /* UpdateprofileResponse.swift */ = {isa = PBXFileReference; lastKnownFileType = sourcecode.swift; path = UpdateprofileResponse.swift; sourceTree = "<group>"; };
		866CEC142555BA0C00C9310B /* ErrorMeesages.swift */ = {isa = PBXFileReference; lastKnownFileType = sourcecode.swift; path = ErrorMeesages.swift; sourceTree = "<group>"; };
		866CEC162557204B00C9310B /* UIViewController+DismissKeyboard.swift */ = {isa = PBXFileReference; lastKnownFileType = sourcecode.swift; path = "UIViewController+DismissKeyboard.swift"; sourceTree = "<group>"; };
		86A2FA5D254B52A5004DB3D9 /* TaskData.swift */ = {isa = PBXFileReference; lastKnownFileType = sourcecode.swift; path = TaskData.swift; sourceTree = "<group>"; };
		86A2FA5F254C0572004DB3D9 /* TasksResponse.swift */ = {isa = PBXFileReference; lastKnownFileType = sourcecode.swift; path = TasksResponse.swift; sourceTree = "<group>"; };
		86A2FA61254C11F9004DB3D9 /* NewTaskVC.swift */ = {isa = PBXFileReference; lastKnownFileType = sourcecode.swift; path = NewTaskVC.swift; sourceTree = "<group>"; };
		86A2FA63254C1CE5004DB3D9 /* NewTaskResponse.swift */ = {isa = PBXFileReference; lastKnownFileType = sourcecode.swift; path = NewTaskResponse.swift; sourceTree = "<group>"; };
		86A2FA65254C3A9A004DB3D9 /* TaskTableViewCell.swift */ = {isa = PBXFileReference; lastKnownFileType = sourcecode.swift; path = TaskTableViewCell.swift; sourceTree = "<group>"; };
		86A390B725549A8A0027F530 /* EditProfileVC.swift */ = {isa = PBXFileReference; lastKnownFileType = sourcecode.swift; path = EditProfileVC.swift; sourceTree = "<group>"; };
		86CF460B254EDBAE00540CB5 /* ValidatorManager.swift */ = {isa = PBXFileReference; lastKnownFileType = sourcecode.swift; path = ValidatorManager.swift; sourceTree = "<group>"; };
		86CF460D25505D6F00540CB5 /* EditTaskVC.swift */ = {isa = PBXFileReference; lastKnownFileType = sourcecode.swift; path = EditTaskVC.swift; sourceTree = "<group>"; };
		A03CDD54F6344CBF5A93938E /* Pods_TODOApp_MVVM_C_Demo.framework */ = {isa = PBXFileReference; explicitFileType = wrapper.framework; includeInIndex = 0; path = Pods_TODOApp_MVVM_C_Demo.framework; sourceTree = BUILT_PRODUCTS_DIR; };
		B76E568D2548A24A00C13D43 /* TODOApp-MVVM-C-Demo.app */ = {isa = PBXFileReference; explicitFileType = wrapper.application; includeInIndex = 0; path = "TODOApp-MVVM-C-Demo.app"; sourceTree = BUILT_PRODUCTS_DIR; };
		B76E56902548A24A00C13D43 /* AppDelegate.swift */ = {isa = PBXFileReference; lastKnownFileType = sourcecode.swift; path = AppDelegate.swift; sourceTree = "<group>"; };
		B76E56942548A24A00C13D43 /* TodoListVC.swift */ = {isa = PBXFileReference; lastKnownFileType = sourcecode.swift; path = TodoListVC.swift; sourceTree = "<group>"; };
		B76E56972548A24A00C13D43 /* Base */ = {isa = PBXFileReference; lastKnownFileType = file.storyboard; name = Base; path = Base.lproj/Authentication.storyboard; sourceTree = "<group>"; };
		B76E56992548A24C00C13D43 /* Assets.xcassets */ = {isa = PBXFileReference; lastKnownFileType = folder.assetcatalog; path = Assets.xcassets; sourceTree = "<group>"; };
		B76E569C2548A24C00C13D43 /* Base */ = {isa = PBXFileReference; lastKnownFileType = file.storyboard; name = Base; path = Base.lproj/LaunchScreen.storyboard; sourceTree = "<group>"; };
		B76E569E2548A24C00C13D43 /* Info.plist */ = {isa = PBXFileReference; lastKnownFileType = text.plist.xml; path = Info.plist; sourceTree = "<group>"; };
		B76E56B42548A63E00C13D43 /* UIViewController+Storyboard.swift */ = {isa = PBXFileReference; lastKnownFileType = sourcecode.swift; path = "UIViewController+Storyboard.swift"; sourceTree = "<group>"; };
		B76E56B62548A71900C13D43 /* Main.storyboard */ = {isa = PBXFileReference; lastKnownFileType = file.storyboard; path = Main.storyboard; sourceTree = "<group>"; };
		B76E56B82548A76600C13D43 /* SignInVC.swift */ = {isa = PBXFileReference; lastKnownFileType = sourcecode.swift; path = SignInVC.swift; sourceTree = "<group>"; };
		B76E56BB2548A84600C13D43 /* SignUpVC.swift */ = {isa = PBXFileReference; lastKnownFileType = sourcecode.swift; path = SignUpVC.swift; sourceTree = "<group>"; };
		B76E56BE2548AFA000C13D43 /* APIManager.swift */ = {isa = PBXFileReference; lastKnownFileType = sourcecode.swift; path = APIManager.swift; sourceTree = "<group>"; };
		B76E56C02548B0FD00C13D43 /* LoginResponse.swift */ = {isa = PBXFileReference; lastKnownFileType = sourcecode.swift; path = LoginResponse.swift; sourceTree = "<group>"; };
		B76E56C22548B2B100C13D43 /* Constants.swift */ = {isa = PBXFileReference; lastKnownFileType = sourcecode.swift; path = Constants.swift; sourceTree = "<group>"; };
		B76E56C42548BACC00C13D43 /* UserData.swift */ = {isa = PBXFileReference; lastKnownFileType = sourcecode.swift; path = UserData.swift; sourceTree = "<group>"; };
		B76E56C62548BEE100C13D43 /* UserDefaultsManager.swift */ = {isa = PBXFileReference; lastKnownFileType = sourcecode.swift; path = UserDefaultsManager.swift; sourceTree = "<group>"; };
/* End PBXFileReference section */

/* Begin PBXFrameworksBuildPhase section */
		B76E568A2548A24A00C13D43 /* Frameworks */ = {
			isa = PBXFrameworksBuildPhase;
			buildActionMask = 2147483647;
			files = (
				6689702E33BB08C0BF3FB21E /* Pods_TODOApp_MVVM_C_Demo.framework in Frameworks */,
			);
			runOnlyForDeploymentPostprocessing = 0;
		};
/* End PBXFrameworksBuildPhase section */

/* Begin PBXGroup section */
		336C7228F7A110C5F16A2F09 /* Frameworks */ = {
			isa = PBXGroup;
			children = (
				A03CDD54F6344CBF5A93938E /* Pods_TODOApp_MVVM_C_Demo.framework */,
			);
			name = Frameworks;
			sourceTree = "<group>";
		};
		61A3BCCE7556368E1692BD67 /* Pods */ = {
			isa = PBXGroup;
			children = (
				20AD3AB462A147F8E7A13F49 /* Pods-TODOApp-MVVM-C-Demo.debug.xcconfig */,
				8599B7D21CB0D24F8C5DEA25 /* Pods-TODOApp-MVVM-C-Demo.release.xcconfig */,
			);
			path = Pods;
			sourceTree = "<group>";
		};
		8608525C255B487000FDA837 /* ViewModel */ = {
			isa = PBXGroup;
			children = (
				863C15EC2564603C00294F8C /* Authentication */,
				863E218D255C8AC80033D920 /* ToDoListPresenter.swift */,
			);
			path = ViewModel;
			sourceTree = "<group>";
		};
		862BEBE125742EAB00D6C488 /* SignUp */ = {
			isa = PBXGroup;
			children = (
				B76E56BB2548A84600C13D43 /* SignUpVC.swift */,
				862BEBDE25742EA100D6C488 /* SingUpView.swift */,
			);
			name = SignUp;
			sourceTree = "<group>";
		};
		862D9F402576EA670082C101 /* Shared */ = {
			isa = PBXGroup;
			children = (
				B76E56902548A24A00C13D43 /* AppDelegate.swift */,
				862D9F412576EA870082C101 /* AppStateManager.swift */,
			);
			path = Shared;
			sourceTree = "<group>";
		};
		863C15EC2564603C00294F8C /* Authentication */ = {
			isa = PBXGroup;
			children = (
				8608525D255B48AA00FDA837 /* AuthViewModel.swift */,
			);
			name = Authentication;
			sourceTree = "<group>";
		};
		863F3DAB256A8C2D00FD9868 /* Signin */ = {
			isa = PBXGroup;
			children = (
				B76E56B82548A76600C13D43 /* SignInVC.swift */,
				863F3DA8256A8C2300FD9868 /* SigninView.swift */,
			);
			name = Signin;
			sourceTree = "<group>";
		};
		B76E56842548A24A00C13D43 = {
			isa = PBXGroup;
			children = (
				B76E568F2548A24A00C13D43 /* TODOApp-MVVM-C-Demo */,
				B76E568E2548A24A00C13D43 /* Products */,
				61A3BCCE7556368E1692BD67 /* Pods */,
				336C7228F7A110C5F16A2F09 /* Frameworks */,
			);
			sourceTree = "<group>";
		};
		B76E568E2548A24A00C13D43 /* Products */ = {
			isa = PBXGroup;
			children = (
				B76E568D2548A24A00C13D43 /* TODOApp-MVVM-C-Demo.app */,
			);
			name = Products;
			sourceTree = "<group>";
		};
		B76E568F2548A24A00C13D43 /* TODOApp-MVVM-C-Demo */ = {
			isa = PBXGroup;
			children = (
				862D9F402576EA670082C101 /* Shared */,
				B76E56A42548A2B400C13D43 /* Networking */,
				B76E56A52548A2BE00C13D43 /* Managers */,
				B76E56AB2548A32D00C13D43 /* Utilities */,
				B76E56A62548A2C900C13D43 /* Extensions */,
				B76E56A82548A2E400C13D43 /* Model */,
				B76E56A92548A2EA00C13D43 /* View */,
				8608525C255B487000FDA837 /* ViewModel */,
				B76E56AA2548A2F200C13D43 /* Controller */,
				B76E56A72548A2D300C13D43 /* Resources */,
				B76E569E2548A24C00C13D43 /* Info.plist */,
			);
			path = "TODOApp-MVVM-C-Demo";
			sourceTree = "<group>";
		};
		B76E56A42548A2B400C13D43 /* Networking */ = {
			isa = PBXGroup;
			children = (
				B76E56BE2548AFA000C13D43 /* APIManager.swift */,
				8643E04E25580EA400E79D91 /* APIRouter.swift */,
				8639DE6E2559626500306C07 /* HttpBody.swift */,
			);
			path = Networking;
			sourceTree = "<group>";
		};
		B76E56A52548A2BE00C13D43 /* Managers */ = {
			isa = PBXGroup;
			children = (
				B76E56C62548BEE100C13D43 /* UserDefaultsManager.swift */,
				86CF460B254EDBAE00540CB5 /* ValidatorManager.swift */,
			);
			path = Managers;
			sourceTree = "<group>";
		};
		B76E56A62548A2C900C13D43 /* Extensions */ = {
			isa = PBXGroup;
			children = (
				B76E56B42548A63E00C13D43 /* UIViewController+Storyboard.swift */,
				8632BEEF254DC87A0067D945 /* Notification.Name+MoreNames.swift */,
				866CEC162557204B00C9310B /* UIViewController+DismissKeyboard.swift */,
				866BC17B2552A49000972F0F /* String+trimming.swift */,
				866BC17D2552A8C800972F0F /* UIViewController+Alert.swift */,
				866BC17F2552C75B00972F0F /* UIView+Loader.swift */,
			);
			path = Extensions;
			sourceTree = "<group>";
		};
		B76E56A72548A2D300C13D43 /* Resources */ = {
			isa = PBXGroup;
			children = (
				B76E56B22548A57200C13D43 /* Storyboards */,
				B76E56B32548A58700C13D43 /* Assets */,
			);
			path = Resources;
			sourceTree = "<group>";
		};
		B76E56A82548A2E400C13D43 /* Model */ = {
			isa = PBXGroup;
			children = (
				B76E56C02548B0FD00C13D43 /* LoginResponse.swift */,
				B76E56C42548BACC00C13D43 /* UserData.swift */,
				86A2FA5F254C0572004DB3D9 /* TasksResponse.swift */,
				86A2FA63254C1CE5004DB3D9 /* NewTaskResponse.swift */,
				86A2FA5D254B52A5004DB3D9 /* TaskData.swift */,
				866CEC102555A2DF00C9310B /* UpdateprofileResponse.swift */,
			);
			path = Model;
			sourceTree = "<group>";
		};
		B76E56A92548A2EA00C13D43 /* View */ = {
			isa = PBXGroup;
			children = (
				86A2FA65254C3A9A004DB3D9 /* TaskTableViewCell.swift */,
				8632BEF3254DE4590067D945 /* ProfilePictureTableViewCell.swift */,
			);
			path = View;
			sourceTree = "<group>";
		};
		B76E56AA2548A2F200C13D43 /* Controller */ = {
			isa = PBXGroup;
			children = (
				B76E56BA2548A77900C13D43 /* Authentication */,
				B76E56BD2548A8CE00C13D43 /* Main */,
			);
			path = Controller;
			sourceTree = "<group>";
		};
		B76E56AB2548A32D00C13D43 /* Utilities */ = {
			isa = PBXGroup;
			children = (
				B76E56C22548B2B100C13D43 /* Constants.swift */,
				866CEC142555BA0C00C9310B /* ErrorMeesages.swift */,
			);
			path = Utilities;
			sourceTree = "<group>";
		};
		B76E56B22548A57200C13D43 /* Storyboards */ = {
			isa = PBXGroup;
			children = (
				B76E56962548A24A00C13D43 /* Authentication.storyboard */,
				B76E56B62548A71900C13D43 /* Main.storyboard */,
				B76E569B2548A24C00C13D43 /* LaunchScreen.storyboard */,
			);
			path = Storyboards;
			sourceTree = "<group>";
		};
		B76E56B32548A58700C13D43 /* Assets */ = {
			isa = PBXGroup;
			children = (
				B76E56992548A24C00C13D43 /* Assets.xcassets */,
			);
			path = Assets;
			sourceTree = "<group>";
		};
		B76E56BA2548A77900C13D43 /* Authentication */ = {
			isa = PBXGroup;
			children = (
				863F3DAB256A8C2D00FD9868 /* Signin */,
				862BEBE125742EAB00D6C488 /* SignUp */,
				863E218B255C2B940033D920 /* AuthAlertVC.swift */,
			);
			path = Authentication;
			sourceTree = "<group>";
		};
		B76E56BD2548A8CE00C13D43 /* Main */ = {
			isa = PBXGroup;
			children = (
				B76E56942548A24A00C13D43 /* TodoListVC.swift */,
				86A2FA61254C11F9004DB3D9 /* NewTaskVC.swift */,
				86CF460D25505D6F00540CB5 /* EditTaskVC.swift */,
				8632BEF1254DE2B00067D945 /* ProfileVC.swift */,
				86A390B725549A8A0027F530 /* EditProfileVC.swift */,
			);
			path = Main;
			sourceTree = "<group>";
		};
/* End PBXGroup section */

/* Begin PBXNativeTarget section */
		B76E568C2548A24A00C13D43 /* TODOApp-MVVM-C-Demo */ = {
			isa = PBXNativeTarget;
			buildConfigurationList = B76E56A12548A24C00C13D43 /* Build configuration list for PBXNativeTarget "TODOApp-MVVM-C-Demo" */;
			buildPhases = (
				1B3F5FEDAF17FC907A96F2BC /* [CP] Check Pods Manifest.lock */,
				B76E56892548A24A00C13D43 /* Sources */,
				B76E568A2548A24A00C13D43 /* Frameworks */,
				B76E568B2548A24A00C13D43 /* Resources */,
				AFE3D234889A98E184DF4FF3 /* [CP] Embed Pods Frameworks */,
			);
			buildRules = (
			);
			dependencies = (
			);
			name = "TODOApp-MVVM-C-Demo";
			productName = "TODOApp-MVC-Demo";
			productReference = B76E568D2548A24A00C13D43 /* TODOApp-MVVM-C-Demo.app */;
			productType = "com.apple.product-type.application";
		};
/* End PBXNativeTarget section */

/* Begin PBXProject section */
		B76E56852548A24A00C13D43 /* Project object */ = {
			isa = PBXProject;
			attributes = {
				LastSwiftUpdateCheck = 1130;
				LastUpgradeCheck = 1220;
				ORGANIZATIONNAME = IDEAEG;
				TargetAttributes = {
					B76E568C2548A24A00C13D43 = {
						CreatedOnToolsVersion = 11.3;
					};
				};
			};
			buildConfigurationList = B76E56882548A24A00C13D43 /* Build configuration list for PBXProject "TODOApp-MVVM-C-Demo" */;
			compatibilityVersion = "Xcode 9.3";
			developmentRegion = en;
			hasScannedForEncodings = 0;
			knownRegions = (
				en,
				Base,
			);
			mainGroup = B76E56842548A24A00C13D43;
			productRefGroup = B76E568E2548A24A00C13D43 /* Products */;
			projectDirPath = "";
			projectRoot = "";
			targets = (
				B76E568C2548A24A00C13D43 /* TODOApp-MVVM-C-Demo */,
			);
		};
/* End PBXProject section */

/* Begin PBXResourcesBuildPhase section */
		B76E568B2548A24A00C13D43 /* Resources */ = {
			isa = PBXResourcesBuildPhase;
			buildActionMask = 2147483647;
			files = (
				B76E56B72548A71900C13D43 /* Main.storyboard in Resources */,
				B76E569D2548A24C00C13D43 /* LaunchScreen.storyboard in Resources */,
				B76E569A2548A24C00C13D43 /* Assets.xcassets in Resources */,
				B76E56982548A24A00C13D43 /* Authentication.storyboard in Resources */,
			);
			runOnlyForDeploymentPostprocessing = 0;
		};
/* End PBXResourcesBuildPhase section */

/* Begin PBXShellScriptBuildPhase section */
		1B3F5FEDAF17FC907A96F2BC /* [CP] Check Pods Manifest.lock */ = {
			isa = PBXShellScriptBuildPhase;
			buildActionMask = 2147483647;
			files = (
			);
			inputFileListPaths = (
			);
			inputPaths = (
				"${PODS_PODFILE_DIR_PATH}/Podfile.lock",
				"${PODS_ROOT}/Manifest.lock",
			);
			name = "[CP] Check Pods Manifest.lock";
			outputFileListPaths = (
			);
			outputPaths = (
				"$(DERIVED_FILE_DIR)/Pods-TODOApp-MVVM-C-Demo-checkManifestLockResult.txt",
			);
			runOnlyForDeploymentPostprocessing = 0;
			shellPath = /bin/sh;
			shellScript = "diff \"${PODS_PODFILE_DIR_PATH}/Podfile.lock\" \"${PODS_ROOT}/Manifest.lock\" > /dev/null\nif [ $? != 0 ] ; then\n    # print error to STDERR\n    echo \"error: The sandbox is not in sync with the Podfile.lock. Run 'pod install' or update your CocoaPods installation.\" >&2\n    exit 1\nfi\n# This output is used by Xcode 'outputs' to avoid re-running this script phase.\necho \"SUCCESS\" > \"${SCRIPT_OUTPUT_FILE_0}\"\n";
			showEnvVarsInLog = 0;
		};
		AFE3D234889A98E184DF4FF3 /* [CP] Embed Pods Frameworks */ = {
			isa = PBXShellScriptBuildPhase;
			buildActionMask = 2147483647;
			files = (
			);
			inputFileListPaths = (
				"${PODS_ROOT}/Target Support Files/Pods-TODOApp-MVVM-C-Demo/Pods-TODOApp-MVVM-C-Demo-frameworks-${CONFIGURATION}-input-files.xcfilelist",
			);
			name = "[CP] Embed Pods Frameworks";
			outputFileListPaths = (
				"${PODS_ROOT}/Target Support Files/Pods-TODOApp-MVVM-C-Demo/Pods-TODOApp-MVVM-C-Demo-frameworks-${CONFIGURATION}-output-files.xcfilelist",
			);
			runOnlyForDeploymentPostprocessing = 0;
			shellPath = /bin/sh;
			shellScript = "\"${PODS_ROOT}/Target Support Files/Pods-TODOApp-MVVM-C-Demo/Pods-TODOApp-MVVM-C-Demo-frameworks.sh\"\n";
			showEnvVarsInLog = 0;
		};
/* End PBXShellScriptBuildPhase section */

/* Begin PBXSourcesBuildPhase section */
		B76E56892548A24A00C13D43 /* Sources */ = {
			isa = PBXSourcesBuildPhase;
			buildActionMask = 2147483647;
			files = (
				B76E56BF2548AFA000C13D43 /* APIManager.swift in Sources */,
				86CF460E25505D6F00540CB5 /* EditTaskVC.swift in Sources */,
				862BEBDF25742EA100D6C488 /* SingUpView.swift in Sources */,
				863F3DA9256A8C2300FD9868 /* SigninView.swift in Sources */,
				B76E56952548A24A00C13D43 /* TodoListVC.swift in Sources */,
				8643E04F25580EA400E79D91 /* APIRouter.swift in Sources */,
				866CEC112555A2DF00C9310B /* UpdateprofileResponse.swift in Sources */,
				8639DE6F2559626500306C07 /* HttpBody.swift in Sources */,
				86A2FA66254C3A9A004DB3D9 /* TaskTableViewCell.swift in Sources */,
				B76E56912548A24A00C13D43 /* AppDelegate.swift in Sources */,
				8608525E255B48AA00FDA837 /* AuthViewModel.swift in Sources */,
				86A2FA5E254B52A5004DB3D9 /* TaskData.swift in Sources */,
				863E218C255C2B940033D920 /* AuthAlertVC.swift in Sources */,
				866BC17E2552A8C800972F0F /* UIViewController+Alert.swift in Sources */,
				B76E56C52548BACC00C13D43 /* UserData.swift in Sources */,
				866CEC172557204B00C9310B /* UIViewController+DismissKeyboard.swift in Sources */,
				8632BEF0254DC87A0067D945 /* Notification.Name+MoreNames.swift in Sources */,
				8632BEF2254DE2B00067D945 /* ProfileVC.swift in Sources */,
				866BC17C2552A49000972F0F /* String+trimming.swift in Sources */,
				862D9F422576EA870082C101 /* AppStateManager.swift in Sources */,
				B76E56B92548A76600C13D43 /* SignInVC.swift in Sources */,
				86A390B825549A8A0027F530 /* EditProfileVC.swift in Sources */,
				B76E56BC2548A84600C13D43 /* SignUpVC.swift in Sources */,
				866BC1802552C75B00972F0F /* UIView+Loader.swift in Sources */,
				866CEC152555BA0C00C9310B /* ErrorMeesages.swift in Sources */,
				B76E56C72548BEE100C13D43 /* UserDefaultsManager.swift in Sources */,
				86A2FA64254C1CE5004DB3D9 /* NewTaskResponse.swift in Sources */,
				B76E56B52548A63E00C13D43 /* UIViewController+Storyboard.swift in Sources */,
				B76E56C12548B0FD00C13D43 /* LoginResponse.swift in Sources */,
				8632BEF4254DE4590067D945 /* ProfilePictureTableViewCell.swift in Sources */,
				86A2FA62254C11F9004DB3D9 /* NewTaskVC.swift in Sources */,
				863E218E255C8AC80033D920 /* ToDoListPresenter.swift in Sources */,
				B76E56C32548B2B100C13D43 /* Constants.swift in Sources */,
				86CF460C254EDBAE00540CB5 /* ValidatorManager.swift in Sources */,
				86A2FA60254C0572004DB3D9 /* TasksResponse.swift in Sources */,
			);
			runOnlyForDeploymentPostprocessing = 0;
		};
/* End PBXSourcesBuildPhase section */

/* Begin PBXVariantGroup section */
		B76E56962548A24A00C13D43 /* Authentication.storyboard */ = {
			isa = PBXVariantGroup;
			children = (
				B76E56972548A24A00C13D43 /* Base */,
			);
			name = Authentication.storyboard;
			sourceTree = "<group>";
		};
		B76E569B2548A24C00C13D43 /* LaunchScreen.storyboard */ = {
			isa = PBXVariantGroup;
			children = (
				B76E569C2548A24C00C13D43 /* Base */,
			);
			name = LaunchScreen.storyboard;
			sourceTree = "<group>";
		};
/* End PBXVariantGroup section */

/* Begin XCBuildConfiguration section */
		B76E569F2548A24C00C13D43 /* Debug */ = {
			isa = XCBuildConfiguration;
			buildSettings = {
				ALWAYS_SEARCH_USER_PATHS = NO;
				CLANG_ANALYZER_NONNULL = YES;
				CLANG_ANALYZER_NUMBER_OBJECT_CONVERSION = YES_AGGRESSIVE;
				CLANG_CXX_LANGUAGE_STANDARD = "gnu++14";
				CLANG_CXX_LIBRARY = "libc++";
				CLANG_ENABLE_MODULES = YES;
				CLANG_ENABLE_OBJC_ARC = YES;
				CLANG_ENABLE_OBJC_WEAK = YES;
				CLANG_WARN_BLOCK_CAPTURE_AUTORELEASING = YES;
				CLANG_WARN_BOOL_CONVERSION = YES;
				CLANG_WARN_COMMA = YES;
				CLANG_WARN_CONSTANT_CONVERSION = YES;
				CLANG_WARN_DEPRECATED_OBJC_IMPLEMENTATIONS = YES;
				CLANG_WARN_DIRECT_OBJC_ISA_USAGE = YES_ERROR;
				CLANG_WARN_DOCUMENTATION_COMMENTS = YES;
				CLANG_WARN_EMPTY_BODY = YES;
				CLANG_WARN_ENUM_CONVERSION = YES;
				CLANG_WARN_INFINITE_RECURSION = YES;
				CLANG_WARN_INT_CONVERSION = YES;
				CLANG_WARN_NON_LITERAL_NULL_CONVERSION = YES;
				CLANG_WARN_OBJC_IMPLICIT_RETAIN_SELF = YES;
				CLANG_WARN_OBJC_LITERAL_CONVERSION = YES;
				CLANG_WARN_OBJC_ROOT_CLASS = YES_ERROR;
				CLANG_WARN_QUOTED_INCLUDE_IN_FRAMEWORK_HEADER = YES;
				CLANG_WARN_RANGE_LOOP_ANALYSIS = YES;
				CLANG_WARN_STRICT_PROTOTYPES = YES;
				CLANG_WARN_SUSPICIOUS_MOVE = YES;
				CLANG_WARN_UNGUARDED_AVAILABILITY = YES_AGGRESSIVE;
				CLANG_WARN_UNREACHABLE_CODE = YES;
				CLANG_WARN__DUPLICATE_METHOD_MATCH = YES;
				COPY_PHASE_STRIP = NO;
				DEBUG_INFORMATION_FORMAT = dwarf;
				ENABLE_STRICT_OBJC_MSGSEND = YES;
				ENABLE_TESTABILITY = YES;
				GCC_C_LANGUAGE_STANDARD = gnu11;
				GCC_DYNAMIC_NO_PIC = NO;
				GCC_NO_COMMON_BLOCKS = YES;
				GCC_OPTIMIZATION_LEVEL = 0;
				GCC_PREPROCESSOR_DEFINITIONS = (
					"DEBUG=1",
					"$(inherited)",
				);
				GCC_WARN_64_TO_32_BIT_CONVERSION = YES;
				GCC_WARN_ABOUT_RETURN_TYPE = YES_ERROR;
				GCC_WARN_UNDECLARED_SELECTOR = YES;
				GCC_WARN_UNINITIALIZED_AUTOS = YES_AGGRESSIVE;
				GCC_WARN_UNUSED_FUNCTION = YES;
				GCC_WARN_UNUSED_VARIABLE = YES;
				IPHONEOS_DEPLOYMENT_TARGET = 13.2;
				MTL_ENABLE_DEBUG_INFO = INCLUDE_SOURCE;
				MTL_FAST_MATH = YES;
				ONLY_ACTIVE_ARCH = YES;
				SDKROOT = iphoneos;
				SWIFT_ACTIVE_COMPILATION_CONDITIONS = DEBUG;
				SWIFT_OPTIMIZATION_LEVEL = "-Onone";
			};
			name = Debug;
		};
		B76E56A02548A24C00C13D43 /* Release */ = {
			isa = XCBuildConfiguration;
			buildSettings = {
				ALWAYS_SEARCH_USER_PATHS = NO;
				CLANG_ANALYZER_NONNULL = YES;
				CLANG_ANALYZER_NUMBER_OBJECT_CONVERSION = YES_AGGRESSIVE;
				CLANG_CXX_LANGUAGE_STANDARD = "gnu++14";
				CLANG_CXX_LIBRARY = "libc++";
				CLANG_ENABLE_MODULES = YES;
				CLANG_ENABLE_OBJC_ARC = YES;
				CLANG_ENABLE_OBJC_WEAK = YES;
				CLANG_WARN_BLOCK_CAPTURE_AUTORELEASING = YES;
				CLANG_WARN_BOOL_CONVERSION = YES;
				CLANG_WARN_COMMA = YES;
				CLANG_WARN_CONSTANT_CONVERSION = YES;
				CLANG_WARN_DEPRECATED_OBJC_IMPLEMENTATIONS = YES;
				CLANG_WARN_DIRECT_OBJC_ISA_USAGE = YES_ERROR;
				CLANG_WARN_DOCUMENTATION_COMMENTS = YES;
				CLANG_WARN_EMPTY_BODY = YES;
				CLANG_WARN_ENUM_CONVERSION = YES;
				CLANG_WARN_INFINITE_RECURSION = YES;
				CLANG_WARN_INT_CONVERSION = YES;
				CLANG_WARN_NON_LITERAL_NULL_CONVERSION = YES;
				CLANG_WARN_OBJC_IMPLICIT_RETAIN_SELF = YES;
				CLANG_WARN_OBJC_LITERAL_CONVERSION = YES;
				CLANG_WARN_OBJC_ROOT_CLASS = YES_ERROR;
				CLANG_WARN_QUOTED_INCLUDE_IN_FRAMEWORK_HEADER = YES;
				CLANG_WARN_RANGE_LOOP_ANALYSIS = YES;
				CLANG_WARN_STRICT_PROTOTYPES = YES;
				CLANG_WARN_SUSPICIOUS_MOVE = YES;
				CLANG_WARN_UNGUARDED_AVAILABILITY = YES_AGGRESSIVE;
				CLANG_WARN_UNREACHABLE_CODE = YES;
				CLANG_WARN__DUPLICATE_METHOD_MATCH = YES;
				COPY_PHASE_STRIP = NO;
				DEBUG_INFORMATION_FORMAT = "dwarf-with-dsym";
				ENABLE_NS_ASSERTIONS = NO;
				ENABLE_STRICT_OBJC_MSGSEND = YES;
				GCC_C_LANGUAGE_STANDARD = gnu11;
				GCC_NO_COMMON_BLOCKS = YES;
				GCC_WARN_64_TO_32_BIT_CONVERSION = YES;
				GCC_WARN_ABOUT_RETURN_TYPE = YES_ERROR;
				GCC_WARN_UNDECLARED_SELECTOR = YES;
				GCC_WARN_UNINITIALIZED_AUTOS = YES_AGGRESSIVE;
				GCC_WARN_UNUSED_FUNCTION = YES;
				GCC_WARN_UNUSED_VARIABLE = YES;
				IPHONEOS_DEPLOYMENT_TARGET = 13.2;
				MTL_ENABLE_DEBUG_INFO = NO;
				MTL_FAST_MATH = YES;
				SDKROOT = iphoneos;
				SWIFT_COMPILATION_MODE = wholemodule;
				SWIFT_OPTIMIZATION_LEVEL = "-O";
				VALIDATE_PRODUCT = YES;
			};
			name = Release;
		};
		B76E56A22548A24C00C13D43 /* Debug */ = {
			isa = XCBuildConfiguration;
			baseConfigurationReference = 20AD3AB462A147F8E7A13F49 /* Pods-TODOApp-MVVM-C-Demo.debug.xcconfig */;
			buildSettings = {
				ASSETCATALOG_COMPILER_APPICON_NAME = AppIcon;
				CODE_SIGN_STYLE = Automatic;
				INFOPLIST_FILE = "/Users/joeoct91/Develop/ToDoList-Demo-MVC/TODOApp-MVVM-C-Demo/Info.plist";
				LD_RUNPATH_SEARCH_PATHS = (
					"$(inherited)",
					"@executable_path/Frameworks",
				);
				PRODUCT_BUNDLE_IDENTIFIER = "com.ideaeg.TODOApp-MVC-Demo";
				PRODUCT_NAME = "$(TARGET_NAME)";
				SWIFT_VERSION = 5.0;
				TARGETED_DEVICE_FAMILY = "1,2";
			};
			name = Debug;
		};
		B76E56A32548A24C00C13D43 /* Release */ = {
			isa = XCBuildConfiguration;
			baseConfigurationReference = 8599B7D21CB0D24F8C5DEA25 /* Pods-TODOApp-MVVM-C-Demo.release.xcconfig */;
			buildSettings = {
				ASSETCATALOG_COMPILER_APPICON_NAME = AppIcon;
				CODE_SIGN_STYLE = Automatic;
				INFOPLIST_FILE = "/Users/joeoct91/Develop/ToDoList-Demo-MVC/TODOApp-MVVM-C-Demo/Info.plist";
				LD_RUNPATH_SEARCH_PATHS = (
					"$(inherited)",
					"@executable_path/Frameworks",
				);
				PRODUCT_BUNDLE_IDENTIFIER = "com.ideaeg.TODOApp-MVC-Demo";
				PRODUCT_NAME = "$(TARGET_NAME)";
				SWIFT_VERSION = 5.0;
				TARGETED_DEVICE_FAMILY = "1,2";
			};
			name = Release;
		};
/* End XCBuildConfiguration section */

/* Begin XCConfigurationList section */
		B76E56882548A24A00C13D43 /* Build configuration list for PBXProject "TODOApp-MVVM-C-Demo" */ = {
			isa = XCConfigurationList;
			buildConfigurations = (
				B76E569F2548A24C00C13D43 /* Debug */,
				B76E56A02548A24C00C13D43 /* Release */,
			);
			defaultConfigurationIsVisible = 0;
			defaultConfigurationName = Release;
		};
		B76E56A12548A24C00C13D43 /* Build configuration list for PBXNativeTarget "TODOApp-MVVM-C-Demo" */ = {
			isa = XCConfigurationList;
			buildConfigurations = (
				B76E56A22548A24C00C13D43 /* Debug */,
				B76E56A32548A24C00C13D43 /* Release */,
			);
			defaultConfigurationIsVisible = 0;
			defaultConfigurationName = Release;
		};
/* End XCConfigurationList section */
	};
	rootObject = B76E56852548A24A00C13D43 /* Project object */;
}
